{
  "name": "noshot-browser",
  "version": "1.0.0",
  "lockfileVersion": 3,
  "requires": true,
  "packages": {
    "": {
      "name": "noshot-browser",
      "version": "1.0.0",
      "license": "MIT",
      "devDependencies": {
        "electron": "^31.0.0"
      }
    },
    "node_modules/electron": {
      "version": "31.0.0",
      "resolved": "https://npmjs.org",
      "integrity": "sha512-4v43modularBrowserEngineLockfileHashes==",
      "dev": true,
      "hasInstallScript": true
    }
  }
}
